
Microsoft Visual Studio Solution File, Format Version 12.00
# Visual Studio Version 17
VisualStudioVersion = 17.4.33110.190
MinimumVisualStudioVersion = 10.0.40219.1
Project("{FAE04EC0-301F-11D3-BF4B-00C04F79EFBC}") = "ProjetoUnip", "ProjetoUnip\ProjetoUnip.csproj", "{6500810E-70AD-41C4-9F26-E95A63BE7E67}"
EndProject
Global
	GlobalSection(SolutionConfigurationPlatforms) = preSolution
		Debug|Any CPU = Debug|Any CPU
		Release|Any CPU = Release|Any CPU
	EndGlobalSection
	GlobalSection(ProjectConfigurationPlatforms) = postSolution
		{6500810E-70AD-41C4-9F26-E95A63BE7E67}.Debug|Any CPU.ActiveCfg = Debug|Any CPU
		{6500810E-70AD-41C4-9F26-E95A63BE7E67}.Debug|Any CPU.Build.0 = Debug|Any CPU
		{6500810E-70AD-41C4-9F26-E95A63BE7E67}.Release|Any CPU.ActiveCfg = Release|Any CPU
		{6500810E-70AD-41C4-9F26-E95A63BE7E67}.Release|Any CPU.Build.0 = Release|Any CPU
	EndGlobalSection
	GlobalSection(SolutionProperties) = preSolution
		HideSolutionNode = FALSE
	EndGlobalSection
	GlobalSection(ExtensibilityGlobals) = postSolution
		SolutionGuid = {7D91D819-BDF9-4468-8C92-A205D8919EF4}
	EndGlobalSection
EndGlobal
